// !$*UTF8*$!
{
	archiveVersion = 1;
	classes = {
	};
	objectVersion = 50;
	objects = {

/* Begin PBXBuildFile section */
		ECAFBBC0252F88DF00DE57D9 /* AppDelegate.m in Sources */ = {isa = PBXBuildFile; fileRef = ECAFBBBF252F88DF00DE57D9 /* AppDelegate.m */; };
		ECAFBBC3252F88DF00DE57D9 /* SceneDelegate.m in Sources */ = {isa = PBXBuildFile; fileRef = ECAFBBC2252F88DF00DE57D9 /* SceneDelegate.m */; };
		ECAFBBC6252F88DF00DE57D9 /* CardGameViewController.m in Sources */ = {isa = PBXBuildFile; fileRef = ECAFBBC5252F88DF00DE57D9 /* CardGameViewController.m */; };
		ECAFBBC9252F88DF00DE57D9 /* Main.storyboard in Resources */ = {isa = PBXBuildFile; fileRef = ECAFBBC7252F88DF00DE57D9 /* Main.storyboard */; };
		ECAFBBCB252F88E000DE57D9 /* Assets.xcassets in Resources */ = {isa = PBXBuildFile; fileRef = ECAFBBCA252F88E000DE57D9 /* Assets.xcassets */; };
		ECAFBBCE252F88E000DE57D9 /* LaunchScreen.storyboard in Resources */ = {isa = PBXBuildFile; fileRef = ECAFBBCC252F88E000DE57D9 /* LaunchScreen.storyboard */; };
		ECAFBBD1252F88E000DE57D9 /* main.m in Sources */ = {isa = PBXBuildFile; fileRef = ECAFBBD0252F88E000DE57D9 /* main.m */; };
		ECAFBBDA252FA7F800DE57D9 /* Card.m in Sources */ = {isa = PBXBuildFile; fileRef = ECAFBBD9252FA7F800DE57D9 /* Card.m */; };
		ECAFBBDE252FAB1100DE57D9 /* Deck.m in Sources */ = {isa = PBXBuildFile; fileRef = ECAFBBDD252FAB1100DE57D9 /* Deck.m */; };
		ECAFBBE1252FAFCB00DE57D9 /* PlayingCard.m in Sources */ = {isa = PBXBuildFile; fileRef = ECAFBBE0252FAFCB00DE57D9 /* PlayingCard.m */; };
		ECF5E6072531ED44002183CC /* PlayingCardDeck.m in Sources */ = {isa = PBXBuildFile; fileRef = ECF5E6062531ED44002183CC /* PlayingCardDeck.m */; };
		ECF5E60B2534A924002183CC /* CardMatchingGame.m in Sources */ = {isa = PBXBuildFile; fileRef = ECF5E60A2534A924002183CC /* CardMatchingGame.m */; };
/* End PBXBuildFile section */

/* Begin PBXFileReference section */
		ECAFBBBB252F88DF00DE57D9 /* PlayingCard.app */ = {isa = PBXFileReference; explicitFileType = wrapper.application; includeInIndex = 0; path = PlayingCard.app; sourceTree = BUILT_PRODUCTS_DIR; };
		ECAFBBBE252F88DF00DE57D9 /* AppDelegate.h */ = {isa = PBXFileReference; lastKnownFileType = sourcecode.c.h; path = AppDelegate.h; sourceTree = "<group>"; };
		ECAFBBBF252F88DF00DE57D9 /* AppDelegate.m */ = {isa = PBXFileReference; lastKnownFileType = sourcecode.c.objc; path = AppDelegate.m; sourceTree = "<group>"; };
		ECAFBBC1252F88DF00DE57D9 /* SceneDelegate.h */ = {isa = PBXFileReference; lastKnownFileType = sourcecode.c.h; path = SceneDelegate.h; sourceTree = "<group>"; };
		ECAFBBC2252F88DF00DE57D9 /* SceneDelegate.m */ = {isa = PBXFileReference; lastKnownFileType = sourcecode.c.objc; path = SceneDelegate.m; sourceTree = "<group>"; };
		ECAFBBC4252F88DF00DE57D9 /* CardGameViewController.h */ = {isa = PBXFileReference; lastKnownFileType = sourcecode.c.h; path = CardGameViewController.h; sourceTree = "<group>"; };
		ECAFBBC5252F88DF00DE57D9 /* CardGameViewController.m */ = {isa = PBXFileReference; lastKnownFileType = sourcecode.c.objc; path = CardGameViewController.m; sourceTree = "<group>"; };
		ECAFBBC8252F88DF00DE57D9 /* Base */ = {isa = PBXFileReference; lastKnownFileType = file.storyboard; name = Base; path = Base.lproj/Main.storyboard; sourceTree = "<group>"; };
		ECAFBBCA252F88E000DE57D9 /* Assets.xcassets */ = {isa = PBXFileReference; lastKnownFileType = folder.assetcatalog; path = Assets.xcassets; sourceTree = "<group>"; };
		ECAFBBCD252F88E000DE57D9 /* Base */ = {isa = PBXFileReference; lastKnownFileType = file.storyboard; name = Base; path = Base.lproj/LaunchScreen.storyboard; sourceTree = "<group>"; };
		ECAFBBCF252F88E000DE57D9 /* Info.plist */ = {isa = PBXFileReference; lastKnownFileType = text.plist.xml; path = Info.plist; sourceTree = "<group>"; };
		ECAFBBD0252F88E000DE57D9 /* main.m */ = {isa = PBXFileReference; lastKnownFileType = sourcecode.c.objc; path = main.m; sourceTree = "<group>"; };
		ECAFBBD8252FA7F800DE57D9 /* Card.h */ = {isa = PBXFileReference; lastKnownFileType = sourcecode.c.h; path = Card.h; sourceTree = "<group>"; };
		ECAFBBD9252FA7F800DE57D9 /* Card.m */ = {isa = PBXFileReference; lastKnownFileType = sourcecode.c.objc; path = Card.m; sourceTree = "<group>"; };
		ECAFBBDC252FAB1100DE57D9 /* Deck.h */ = {isa = PBXFileReference; lastKnownFileType = sourcecode.c.h; path = Deck.h; sourceTree = "<group>"; };
		ECAFBBDD252FAB1100DE57D9 /* Deck.m */ = {isa = PBXFileReference; lastKnownFileType = sourcecode.c.objc; path = Deck.m; sourceTree = "<group>"; };
		ECAFBBDF252FAFCB00DE57D9 /* PlayingCard.h */ = {isa = PBXFileReference; lastKnownFileType = sourcecode.c.h; path = PlayingCard.h; sourceTree = "<group>"; };
		ECAFBBE0252FAFCB00DE57D9 /* PlayingCard.m */ = {isa = PBXFileReference; lastKnownFileType = sourcecode.c.objc; path = PlayingCard.m; sourceTree = "<group>"; };
		ECF5E6052531ED44002183CC /* PlayingCardDeck.h */ = {isa = PBXFileReference; lastKnownFileType = sourcecode.c.h; path = PlayingCardDeck.h; sourceTree = "<group>"; };
		ECF5E6062531ED44002183CC /* PlayingCardDeck.m */ = {isa = PBXFileReference; lastKnownFileType = sourcecode.c.objc; path = PlayingCardDeck.m; sourceTree = "<group>"; };
		ECF5E6092534A924002183CC /* CardMatchingGame.h */ = {isa = PBXFileReference; lastKnownFileType = sourcecode.c.h; path = CardMatchingGame.h; sourceTree = "<group>"; };
		ECF5E60A2534A924002183CC /* CardMatchingGame.m */ = {isa = PBXFileReference; lastKnownFileType = sourcecode.c.objc; path = CardMatchingGame.m; sourceTree = "<group>"; };
/* End PBXFileReference section */

/* Begin PBXFrameworksBuildPhase section */
		ECAFBBB8252F88DF00DE57D9 /* Frameworks */ = {
			isa = PBXFrameworksBuildPhase;
			buildActionMask = 2147483647;
			files = (
			);
			runOnlyForDeploymentPostprocessing = 0;
		};
/* End PBXFrameworksBuildPhase section */

/* Begin PBXGroup section */
		ECAFBBB2252F88DF00DE57D9 = {
			isa = PBXGroup;
			children = (
				ECAFBBBD252F88DF00DE57D9 /* PlayingCard */,
				ECAFBBBC252F88DF00DE57D9 /* Products */,
			);
			sourceTree = "<group>";
		};
		ECAFBBBC252F88DF00DE57D9 /* Products */ = {
			isa = PBXGroup;
			children = (
				ECAFBBBB252F88DF00DE57D9 /* PlayingCard.app */,
			);
			name = Products;
			sourceTree = "<group>";
		};
		ECAFBBBD252F88DF00DE57D9 /* PlayingCard */ = {
			isa = PBXGroup;
			children = (
				ECAFBBDB252FA7FC00DE57D9 /* Model */,
				ECF5E6082534A7C9002183CC /* ViewController */,
				ECAFBBC7252F88DF00DE57D9 /* Main.storyboard */,
				ECAFBBD7252FA7CF00DE57D9 /* Supporting Files */,
				ECAFBBCF252F88E000DE57D9 /* Info.plist */,
			);
			path = PlayingCard;
			sourceTree = "<group>";
		};
		ECAFBBD7252FA7CF00DE57D9 /* Supporting Files */ = {
			isa = PBXGroup;
			children = (
				ECAFBBD0252F88E000DE57D9 /* main.m */,
				ECAFBBCC252F88E000DE57D9 /* LaunchScreen.storyboard */,
				ECAFBBCA252F88E000DE57D9 /* Assets.xcassets */,
				ECAFBBBE252F88DF00DE57D9 /* AppDelegate.h */,
				ECAFBBBF252F88DF00DE57D9 /* AppDelegate.m */,
				ECAFBBC1252F88DF00DE57D9 /* SceneDelegate.h */,
				ECAFBBC2252F88DF00DE57D9 /* SceneDelegate.m */,
			);
			path = "Supporting Files";
			sourceTree = "<group>";
		};
		ECAFBBDB252FA7FC00DE57D9 /* Model */ = {
			isa = PBXGroup;
			children = (
				ECAFBBD8252FA7F800DE57D9 /* Card.h */,
				ECAFBBD9252FA7F800DE57D9 /* Card.m */,
				ECAFBBDC252FAB1100DE57D9 /* Deck.h */,
				ECAFBBDD252FAB1100DE57D9 /* Deck.m */,
				ECAFBBDF252FAFCB00DE57D9 /* PlayingCard.h */,
				ECAFBBE0252FAFCB00DE57D9 /* PlayingCard.m */,
				ECF5E6052531ED44002183CC /* PlayingCardDeck.h */,
				ECF5E6062531ED44002183CC /* PlayingCardDeck.m */,
				ECF5E6092534A924002183CC /* CardMatchingGame.h */,
				ECF5E60A2534A924002183CC /* CardMatchingGame.m */,
			);
			path = Model;
			sourceTree = "<group>";
		};
		ECF5E6082534A7C9002183CC /* ViewController */ = {
			isa = PBXGroup;
			children = (
				ECAFBBC4252F88DF00DE57D9 /* CardGameViewController.h */,
				ECAFBBC5252F88DF00DE57D9 /* CardGameViewController.m */,
			);
			path = ViewController;
			sourceTree = "<group>";
		};
/* End PBXGroup section */

/* Begin PBXNativeTarget section */
		ECAFBBBA252F88DF00DE57D9 /* PlayingCard */ = {
			isa = PBXNativeTarget;
			buildConfigurationList = ECAFBBD4252F88E000DE57D9 /* Build configuration list for PBXNativeTarget "PlayingCard" */;
			buildPhases = (
				ECAFBBB7252F88DF00DE57D9 /* Sources */,
				ECAFBBB8252F88DF00DE57D9 /* Frameworks */,
				ECAFBBB9252F88DF00DE57D9 /* Resources */,
			);
			buildRules = (
			);
			dependencies = (
			);
			name = PlayingCard;
			productName = PlayingCard;
			productReference = ECAFBBBB252F88DF00DE57D9 /* PlayingCard.app */;
			productType = "com.apple.product-type.application";
		};
/* End PBXNativeTarget section */

/* Begin PBXProject section */
		ECAFBBB3252F88DF00DE57D9 /* Project object */ = {
			isa = PBXProject;
			attributes = {
				LastUpgradeCheck = 1130;
				ORGANIZATIONNAME = "Ivan Rodrigues de Martino";
				TargetAttributes = {
					ECAFBBBA252F88DF00DE57D9 = {
						CreatedOnToolsVersion = 11.3.1;
					};
				};
			};
			buildConfigurationList = ECAFBBB6252F88DF00DE57D9 /* Build configuration list for PBXProject "PlayingCard" */;
			compatibilityVersion = "Xcode 9.3";
			developmentRegion = en;
			hasScannedForEncodings = 0;
			knownRegions = (
				en,
				Base,
			);
			mainGroup = ECAFBBB2252F88DF00DE57D9;
			productRefGroup = ECAFBBBC252F88DF00DE57D9 /* Products */;
			projectDirPath = "";
			projectRoot = "";
			targets = (
				ECAFBBBA252F88DF00DE57D9 /* PlayingCard */,
			);
		};
/* End PBXProject section */

/* Begin PBXResourcesBuildPhase section */
		ECAFBBB9252F88DF00DE57D9 /* Resources */ = {
			isa = PBXResourcesBuildPhase;
			buildActionMask = 2147483647;
			files = (
				ECAFBBCE252F88E000DE57D9 /* LaunchScreen.storyboard in Resources */,
				ECAFBBCB252F88E000DE57D9 /* Assets.xcassets in Resources */,
				ECAFBBC9252F88DF00DE57D9 /* Main.storyboard in Resources */,
			);
			runOnlyForDeploymentPostprocessing = 0;
		};
/* End PBXResourcesBuildPhase section */

/* Begin PBXSourcesBuildPhase section */
		ECAFBBB7252F88DF00DE57D9 /* Sources */ = {
			isa = PBXSourcesBuildPhase;
			buildActionMask = 2147483647;
			files = (
				ECAFBBDA252FA7F800DE57D9 /* Card.m in Sources */,
				ECF5E6072531ED44002183CC /* PlayingCardDeck.m in Sources */,
				ECAFBBC6252F88DF00DE57D9 /* CardGameViewController.m in Sources */,
				ECF5E60B2534A924002183CC /* CardMatchingGame.m in Sources */,
				ECAFBBE1252FAFCB00DE57D9 /* PlayingCard.m in Sources */,
				ECAFBBC0252F88DF00DE57D9 /* AppDelegate.m in Sources */,
				ECAFBBD1252F88E000DE57D9 /* main.m in Sources */,
				ECAFBBDE252FAB1100DE57D9 /* Deck.m in Sources */,
				ECAFBBC3252F88DF00DE57D9 /* SceneDelegate.m in Sources */,
			);
			runOnlyForDeploymentPostprocessing = 0;
		};
/* End PBXSourcesBuildPhase section */

/* Begin PBXVariantGroup section */
		ECAFBBC7252F88DF00DE57D9 /* Main.storyboard */ = {
			isa = PBXVariantGroup;
			children = (
				ECAFBBC8252F88DF00DE57D9 /* Base */,
			);
			name = Main.storyboard;
			sourceTree = "<group>";
		};
		ECAFBBCC252F88E000DE57D9 /* LaunchScreen.storyboard */ = {
			isa = PBXVariantGroup;
			children = (
				ECAFBBCD252F88E000DE57D9 /* Base */,
			);
			name = LaunchScreen.storyboard;
			sourceTree = "<group>";
		};
/* End PBXVariantGroup section */

/* Begin XCBuildConfiguration section */
		ECAFBBD2252F88E000DE57D9 /* Debug */ = {
			isa = XCBuildConfiguration;
			buildSettings = {
				ALWAYS_SEARCH_USER_PATHS = NO;
				CLANG_ANALYZER_NONNULL = YES;
				CLANG_ANALYZER_NUMBER_OBJECT_CONVERSION = YES_AGGRESSIVE;
				CLANG_CXX_LANGUAGE_STANDARD = "gnu++14";
				CLANG_CXX_LIBRARY = "libc++";
				CLANG_ENABLE_MODULES = YES;
				CLANG_ENABLE_OBJC_ARC = YES;
				CLANG_ENABLE_OBJC_WEAK = YES;
				CLANG_WARN_BLOCK_CAPTURE_AUTORELEASING = YES;
				CLANG_WARN_BOOL_CONVERSION = YES;
				CLANG_WARN_COMMA = YES;
				CLANG_WARN_CONSTANT_CONVERSION = YES;
				CLANG_WARN_DEPRECATED_OBJC_IMPLEMENTATIONS = YES;
				CLANG_WARN_DIRECT_OBJC_ISA_USAGE = YES_ERROR;
				CLANG_WARN_DOCUMENTATION_COMMENTS = YES;
				CLANG_WARN_EMPTY_BODY = YES;
				CLANG_WARN_ENUM_CONVERSION = YES;
				CLANG_WARN_INFINITE_RECURSION = YES;
				CLANG_WARN_INT_CONVERSION = YES;
				CLANG_WARN_NON_LITERAL_NULL_CONVERSION = YES;
				CLANG_WARN_OBJC_IMPLICIT_RETAIN_SELF = YES;
				CLANG_WARN_OBJC_LITERAL_CONVERSION = YES;
				CLANG_WARN_OBJC_ROOT_CLASS = YES_ERROR;
				CLANG_WARN_RANGE_LOOP_ANALYSIS = YES;
				CLANG_WARN_STRICT_PROTOTYPES = YES;
				CLANG_WARN_SUSPICIOUS_MOVE = YES;
				CLANG_WARN_UNGUARDED_AVAILABILITY = YES_AGGRESSIVE;
				CLANG_WARN_UNREACHABLE_CODE = YES;
				CLANG_WARN__DUPLICATE_METHOD_MATCH = YES;
				COPY_PHASE_STRIP = NO;
				DEBUG_INFORMATION_FORMAT = dwarf;
				ENABLE_STRICT_OBJC_MSGSEND = YES;
				ENABLE_TESTABILITY = YES;
				GCC_C_LANGUAGE_STANDARD = gnu11;
				GCC_DYNAMIC_NO_PIC = NO;
				GCC_NO_COMMON_BLOCKS = YES;
				GCC_OPTIMIZATION_LEVEL = 0;
				GCC_PREPROCESSOR_DEFINITIONS = (
					"DEBUG=1",
					"$(inherited)",
				);
				GCC_WARN_64_TO_32_BIT_CONVERSION = YES;
				GCC_WARN_ABOUT_RETURN_TYPE = YES_ERROR;
				GCC_WARN_UNDECLARED_SELECTOR = YES;
				GCC_WARN_UNINITIALIZED_AUTOS = YES_AGGRESSIVE;
				GCC_WARN_UNUSED_FUNCTION = YES;
				GCC_WARN_UNUSED_VARIABLE = YES;
				IPHONEOS_DEPLOYMENT_TARGET = 13.2;
				MTL_ENABLE_DEBUG_INFO = INCLUDE_SOURCE;
				MTL_FAST_MATH = YES;
				ONLY_ACTIVE_ARCH = YES;
				SDKROOT = iphoneos;
			};
			name = Debug;
		};
		ECAFBBD3252F88E000DE57D9 /* Release */ = {
			isa = XCBuildConfiguration;
			buildSettings = {
				ALWAYS_SEARCH_USER_PATHS = NO;
				CLANG_ANALYZER_NONNULL = YES;
				CLANG_ANALYZER_NUMBER_OBJECT_CONVERSION = YES_AGGRESSIVE;
				CLANG_CXX_LANGUAGE_STANDARD = "gnu++14";
				CLANG_CXX_LIBRARY = "libc++";
				CLANG_ENABLE_MODULES = YES;
				CLANG_ENABLE_OBJC_ARC = YES;
				CLANG_ENABLE_OBJC_WEAK = YES;
				CLANG_WARN_BLOCK_CAPTURE_AUTORELEASING = YES;
				CLANG_WARN_BOOL_CONVERSION = YES;
				CLANG_WARN_COMMA = YES;
				CLANG_WARN_CONSTANT_CONVERSION = YES;
				CLANG_WARN_DEPRECATED_OBJC_IMPLEMENTATIONS = YES;
				CLANG_WARN_DIRECT_OBJC_ISA_USAGE = YES_ERROR;
				CLANG_WARN_DOCUMENTATION_COMMENTS = YES;
				CLANG_WARN_EMPTY_BODY = YES;
				CLANG_WARN_ENUM_CONVERSION = YES;
				CLANG_WARN_INFINITE_RECURSION = YES;
				CLANG_WARN_INT_CONVERSION = YES;
				CLANG_WARN_NON_LITERAL_NULL_CONVERSION = YES;
				CLANG_WARN_OBJC_IMPLICIT_RETAIN_SELF = YES;
				CLANG_WARN_OBJC_LITERAL_CONVERSION = YES;
				CLANG_WARN_OBJC_ROOT_CLASS = YES_ERROR;
				CLANG_WARN_RANGE_LOOP_ANALYSIS = YES;
				CLANG_WARN_STRICT_PROTOTYPES = YES;
				CLANG_WARN_SUSPICIOUS_MOVE = YES;
				CLANG_WARN_UNGUARDED_AVAILABILITY = YES_AGGRESSIVE;
				CLANG_WARN_UNREACHABLE_CODE = YES;
				CLANG_WARN__DUPLICATE_METHOD_MATCH = YES;
				COPY_PHASE_STRIP = NO;
				DEBUG_INFORMATION_FORMAT = "dwarf-with-dsym";
				ENABLE_NS_ASSERTIONS = NO;
				ENABLE_STRICT_OBJC_MSGSEND = YES;
				GCC_C_LANGUAGE_STANDARD = gnu11;
				GCC_NO_COMMON_BLOCKS = YES;
				GCC_WARN_64_TO_32_BIT_CONVERSION = YES;
				GCC_WARN_ABOUT_RETURN_TYPE = YES_ERROR;
				GCC_WARN_UNDECLARED_SELECTOR = YES;
				GCC_WARN_UNINITIALIZED_AUTOS = YES_AGGRESSIVE;
				GCC_WARN_UNUSED_FUNCTION = YES;
				GCC_WARN_UNUSED_VARIABLE = YES;
				IPHONEOS_DEPLOYMENT_TARGET = 13.2;
				MTL_ENABLE_DEBUG_INFO = NO;
				MTL_FAST_MATH = YES;
				SDKROOT = iphoneos;
				VALIDATE_PRODUCT = YES;
			};
			name = Release;
		};
		ECAFBBD5252F88E000DE57D9 /* Debug */ = {
			isa = XCBuildConfiguration;
			buildSettings = {
				ASSETCATALOG_COMPILER_APPICON_NAME = AppIcon;
				CODE_SIGN_STYLE = Automatic;
				INFOPLIST_FILE = PlayingCard/Info.plist;
				LD_RUNPATH_SEARCH_PATHS = (
					"$(inherited)",
					"@executable_path/Frameworks",
				);
				PRODUCT_BUNDLE_IDENTIFIER = br.com.bihl.PlayingCard;
				PRODUCT_NAME = "$(TARGET_NAME)";
				TARGETED_DEVICE_FAMILY = "1,2";
			};
			name = Debug;
		};
		ECAFBBD6252F88E000DE57D9 /* Release */ = {
			isa = XCBuildConfiguration;
			buildSettings = {
				ASSETCATALOG_COMPILER_APPICON_NAME = AppIcon;
				CODE_SIGN_STYLE = Automatic;
				INFOPLIST_FILE = PlayingCard/Info.plist;
				LD_RUNPATH_SEARCH_PATHS = (
					"$(inherited)",
					"@executable_path/Frameworks",
				);
				PRODUCT_BUNDLE_IDENTIFIER = br.com.bihl.PlayingCard;
				PRODUCT_NAME = "$(TARGET_NAME)";
				TARGETED_DEVICE_FAMILY = "1,2";
			};
			name = Release;
		};
/* End XCBuildConfiguration section */

/* Begin XCConfigurationList section */
		ECAFBBB6252F88DF00DE57D9 /* Build configuration list for PBXProject "PlayingCard" */ = {
			isa = XCConfigurationList;
			buildConfigurations = (
				ECAFBBD2252F88E000DE57D9 /* Debug */,
				ECAFBBD3252F88E000DE57D9 /* Release */,
			);
			defaultConfigurationIsVisible = 0;
			defaultConfigurationName = Release;
		};
		ECAFBBD4252F88E000DE57D9 /* Build configuration list for PBXNativeTarget "PlayingCard" */ = {
			isa = XCConfigurationList;
			buildConfigurations = (
				ECAFBBD5252F88E000DE57D9 /* Debug */,
				ECAFBBD6252F88E000DE57D9 /* Release */,
			);
			defaultConfigurationIsVisible = 0;
			defaultConfigurationName = Release;
		};
/* End XCConfigurationList section */
	};
	rootObject = ECAFBBB3252F88DF00DE57D9 /* Project object */;
}
